
Microsoft Visual Studio Solution File, Format Version 12.00
# Visual Studio 15
VisualStudioVersion = 15.0.27703.2026
MinimumVisualStudioVersion = 10.0.40219.1
Project("{FAE04EC0-301F-11D3-BF4B-00C04F79EFBC}") = "Autonoceptor.OpenCV", "Autonoceptor.OpenCV\Autonoceptor.OpenCV.csproj", "{9EDAF1CA-ED44-402F-A6BB-7CDC591153AF}"
EndProject
Global
	GlobalSection(SolutionConfigurationPlatforms) = preSolution
		Debug|Any CPU = Debug|Any CPU
		Debug|x64 = Debug|x64
		Release|Any CPU = Release|Any CPU
		Release|x64 = Release|x64
	EndGlobalSection
	GlobalSection(ProjectConfigurationPlatforms) = postSolution
		{9EDAF1CA-ED44-402F-A6BB-7CDC591153AF}.Debug|Any CPU.ActiveCfg = Debug|Any CPU
		{9EDAF1CA-ED44-402F-A6BB-7CDC591153AF}.Debug|Any CPU.Build.0 = Debug|Any CPU
		{9EDAF1CA-ED44-402F-A6BB-7CDC591153AF}.Debug|x64.ActiveCfg = Debug|x64
		{9EDAF1CA-ED44-402F-A6BB-7CDC591153AF}.Debug|x64.Build.0 = Debug|x64
		{9EDAF1CA-ED44-402F-A6BB-7CDC591153AF}.Release|Any CPU.ActiveCfg = Release|Any CPU
		{9EDAF1CA-ED44-402F-A6BB-7CDC591153AF}.Release|Any CPU.Build.0 = Release|Any CPU
		{9EDAF1CA-ED44-402F-A6BB-7CDC591153AF}.Release|x64.ActiveCfg = Release|x64
		{9EDAF1CA-ED44-402F-A6BB-7CDC591153AF}.Release|x64.Build.0 = Release|x64
	EndGlobalSection
	GlobalSection(SolutionProperties) = preSolution
		HideSolutionNode = FALSE
	EndGlobalSection
	GlobalSection(ExtensibilityGlobals) = postSolution
		SolutionGuid = {E27E1D8D-19B8-4EAB-8782-39B201F9F414}
	EndGlobalSection
EndGlobal
